// !$*UTF8*$!
{
	archiveVersion = 1;
	classes = {
	};
	objectVersion = 77;
	objects = {

/* Begin PBXBuildFile section */
		F1DB39E52F2B0A1600B5482F /* WidgetKit.framework in Frameworks */ = {isa = PBXBuildFile; fileRef = F1DB39E42F2B0A1600B5482F /* WidgetKit.framework */; };
		F1DB39E72F2B0A1600B5482F /* SwiftUI.framework in Frameworks */ = {isa = PBXBuildFile; fileRef = F1DB39E62F2B0A1600B5482F /* SwiftUI.framework */; };
		F1DB39F22F2B0A1800B5482F /* UnhabitDemo_widgetExtension.appex in Embed Foundation Extensions */ = {isa = PBXBuildFile; fileRef = F1DB39E22F2B0A1600B5482F /* UnhabitDemo_widgetExtension.appex */; settings = {ATTRIBUTES = (RemoveHeadersOnCopy, ); }; };
		F1DB3A142F2B0B1400B5482F /* Settings.swift in Sources */ = {isa = PBXBuildFile; fileRef = F1DB3A132F2B0B0F00B5482F /* Settings.swift */; };
		F1DB3A152F2B0B1A00B5482F /* Settings.swift in Sources */ = {isa = PBXBuildFile; fileRef = F1DB3A132F2B0B0F00B5482F /* Settings.swift */; };
		F1DB3AC42F2B650F00B5482F /* .gitignore in Resources */ = {isa = PBXBuildFile; fileRef = F1DB3AC32F2B650500B5482F /* .gitignore */; };
		F1DB3AC52F2B650F00B5482F /* .gitignore in Resources */ = {isa = PBXBuildFile; fileRef = F1DB3AC32F2B650500B5482F /* .gitignore */; };
/* End PBXBuildFile section */

/* Begin PBXContainerItemProxy section */
		F1DB39A92F2B099500B5482F /* PBXContainerItemProxy */ = {
			isa = PBXContainerItemProxy;
			containerPortal = F1DB39932F2B099300B5482F /* Project object */;
			proxyType = 1;
			remoteGlobalIDString = F1DB399A2F2B099300B5482F;
			remoteInfo = UnhabitDemo;
		};
		F1DB39B32F2B099500B5482F /* PBXContainerItemProxy */ = {
			isa = PBXContainerItemProxy;
			containerPortal = F1DB39932F2B099300B5482F /* Project object */;
			proxyType = 1;
			remoteGlobalIDString = F1DB399A2F2B099300B5482F;
			remoteInfo = UnhabitDemo;
		};
		F1DB39F02F2B0A1800B5482F /* PBXContainerItemProxy */ = {
			isa = PBXContainerItemProxy;
			containerPortal = F1DB39932F2B099300B5482F /* Project object */;
			proxyType = 1;
			remoteGlobalIDString = F1DB39E12F2B0A1600B5482F;
			remoteInfo = UnhabitDemo_widgetExtension;
		};
/* End PBXContainerItemProxy section */

/* Begin PBXCopyFilesBuildPhase section */
		F1DB39F72F2B0A1800B5482F /* Embed Foundation Extensions */ = {
			isa = PBXCopyFilesBuildPhase;
			buildActionMask = 2147483647;
			dstPath = "";
			dstSubfolderSpec = 13;
			files = (
				F1DB39F22F2B0A1800B5482F /* UnhabitDemo_widgetExtension.appex in Embed Foundation Extensions */,
			);
			name = "Embed Foundation Extensions";
			runOnlyForDeploymentPostprocessing = 0;
		};
/* End PBXCopyFilesBuildPhase section */

/* Begin PBXFileReference section */
		F1DB399B2F2B099300B5482F /* UnhabitDemo.app */ = {isa = PBXFileReference; explicitFileType = wrapper.application; includeInIndex = 0; path = UnhabitDemo.app; sourceTree = BUILT_PRODUCTS_DIR; };
		F1DB39A82F2B099500B5482F /* UnhabitDemoTests.xctest */ = {isa = PBXFileReference; explicitFileType = wrapper.cfbundle; includeInIndex = 0; path = UnhabitDemoTests.xctest; sourceTree = BUILT_PRODUCTS_DIR; };
		F1DB39B22F2B099500B5482F /* UnhabitDemoUITests.xctest */ = {isa = PBXFileReference; explicitFileType = wrapper.cfbundle; includeInIndex = 0; path = UnhabitDemoUITests.xctest; sourceTree = BUILT_PRODUCTS_DIR; };
		F1DB39E22F2B0A1600B5482F /* UnhabitDemo_widgetExtension.appex */ = {isa = PBXFileReference; explicitFileType = "wrapper.app-extension"; includeInIndex = 0; path = UnhabitDemo_widgetExtension.appex; sourceTree = BUILT_PRODUCTS_DIR; };
		F1DB39E42F2B0A1600B5482F /* WidgetKit.framework */ = {isa = PBXFileReference; lastKnownFileType = wrapper.framework; name = WidgetKit.framework; path = System/Library/Frameworks/WidgetKit.framework; sourceTree = SDKROOT; };
		F1DB39E62F2B0A1600B5482F /* SwiftUI.framework */ = {isa = PBXFileReference; lastKnownFileType = wrapper.framework; name = SwiftUI.framework; path = System/Library/Frameworks/SwiftUI.framework; sourceTree = SDKROOT; };
		F1DB39F92F2B0AAA00B5482F /* UnhabitDemo_widgetExtension.entitlements */ = {isa = PBXFileReference; lastKnownFileType = text.plist.entitlements; path = UnhabitDemo_widgetExtension.entitlements; sourceTree = "<group>"; };
		F1DB3A132F2B0B0F00B5482F /* Settings.swift */ = {isa = PBXFileReference; lastKnownFileType = sourcecode.swift; path = Settings.swift; sourceTree = "<group>"; };
		F1DB3AC32F2B650500B5482F /* .gitignore */ = {isa = PBXFileReference; lastKnownFileType = text; path = .gitignore; sourceTree = "<group>"; };
/* End PBXFileReference section */

/* Begin PBXFileSystemSynchronizedBuildFileExceptionSet section */
		F1DB39F32F2B0A1800B5482F /* Exceptions for "UnhabitDemo_widget" folder in "UnhabitDemo_widgetExtension" target */ = {
			isa = PBXFileSystemSynchronizedBuildFileExceptionSet;
			membershipExceptions = (
				Info.plist,
			);
			target = F1DB39E12F2B0A1600B5482F /* UnhabitDemo_widgetExtension */;
		};
		F1DB3A1A2F2B0B2E00B5482F /* Exceptions for "UnhabitDemo" folder in "UnhabitDemo_widgetExtension" target */ = {
			isa = PBXFileSystemSynchronizedBuildFileExceptionSet;
			membershipExceptions = (
				TimeTrackingAttributes.swift,
			);
			target = F1DB39E12F2B0A1600B5482F /* UnhabitDemo_widgetExtension */;
		};
		F1DB3A1C2F2B0E3200B5482F /* Exceptions for "UnhabitDemo" folder in "UnhabitDemo" target */ = {
			isa = PBXFileSystemSynchronizedBuildFileExceptionSet;
			membershipExceptions = (
				Info.plist,
			);
			target = F1DB399A2F2B099300B5482F /* UnhabitDemo */;
		};
/* End PBXFileSystemSynchronizedBuildFileExceptionSet section */

/* Begin PBXFileSystemSynchronizedRootGroup section */
		F1DB399D2F2B099300B5482F /* UnhabitDemo */ = {
			isa = PBXFileSystemSynchronizedRootGroup;
			exceptions = (
				F1DB3A1C2F2B0E3200B5482F /* Exceptions for "UnhabitDemo" folder in "UnhabitDemo" target */,
				F1DB3A1A2F2B0B2E00B5482F /* Exceptions for "UnhabitDemo" folder in "UnhabitDemo_widgetExtension" target */,
			);
			path = UnhabitDemo;
			sourceTree = "<group>";
		};
		F1DB39AB2F2B099500B5482F /* UnhabitDemoTests */ = {
			isa = PBXFileSystemSynchronizedRootGroup;
			path = UnhabitDemoTests;
			sourceTree = "<group>";
		};
		F1DB39B52F2B099500B5482F /* UnhabitDemoUITests */ = {
			isa = PBXFileSystemSynchronizedRootGroup;
			path = UnhabitDemoUITests;
			sourceTree = "<group>";
		};
		F1DB39E82F2B0A1600B5482F /* UnhabitDemo_widget */ = {
			isa = PBXFileSystemSynchronizedRootGroup;
			exceptions = (
				F1DB39F32F2B0A1800B5482F /* Exceptions for "UnhabitDemo_widget" folder in "UnhabitDemo_widgetExtension" target */,
			);
			path = UnhabitDemo_widget;
			sourceTree = "<group>";
		};
/* End PBXFileSystemSynchronizedRootGroup section */

/* Begin PBXFrameworksBuildPhase section */
		F1DB39982F2B099300B5482F /* Frameworks */ = {
			isa = PBXFrameworksBuildPhase;
			buildActionMask = 2147483647;
			files = (
			);
			runOnlyForDeploymentPostprocessing = 0;
		};
		F1DB39A52F2B099500B5482F /* Frameworks */ = {
			isa = PBXFrameworksBuildPhase;
			buildActionMask = 2147483647;
			files = (
			);
			runOnlyForDeploymentPostprocessing = 0;
		};
		F1DB39AF2F2B099500B5482F /* Frameworks */ = {
			isa = PBXFrameworksBuildPhase;
			buildActionMask = 2147483647;
			files = (
			);
			runOnlyForDeploymentPostprocessing = 0;
		};
		F1DB39DF2F2B0A1600B5482F /* Frameworks */ = {
			isa = PBXFrameworksBuildPhase;
			buildActionMask = 2147483647;
			files = (
				F1DB39E72F2B0A1600B5482F /* SwiftUI.framework in Frameworks */,
				F1DB39E52F2B0A1600B5482F /* WidgetKit.framework in Frameworks */,
			);
			runOnlyForDeploymentPostprocessing = 0;
		};
/* End PBXFrameworksBuildPhase section */

/* Begin PBXGroup section */
		F1DB39922F2B099300B5482F = {
			isa = PBXGroup;
			children = (
				F1DB3AC32F2B650500B5482F /* .gitignore */,
				F1DB3A132F2B0B0F00B5482F /* Settings.swift */,
				F1DB39F92F2B0AAA00B5482F /* UnhabitDemo_widgetExtension.entitlements */,
				F1DB399D2F2B099300B5482F /* UnhabitDemo */,
				F1DB39AB2F2B099500B5482F /* UnhabitDemoTests */,
				F1DB39B52F2B099500B5482F /* UnhabitDemoUITests */,
				F1DB39E82F2B0A1600B5482F /* UnhabitDemo_widget */,
				F1DB39E32F2B0A1600B5482F /* Frameworks */,
				F1DB399C2F2B099300B5482F /* Products */,
			);
			sourceTree = "<group>";
		};
		F1DB399C2F2B099300B5482F /* Products */ = {
			isa = PBXGroup;
			children = (
				F1DB399B2F2B099300B5482F /* UnhabitDemo.app */,
				F1DB39A82F2B099500B5482F /* UnhabitDemoTests.xctest */,
				F1DB39B22F2B099500B5482F /* UnhabitDemoUITests.xctest */,
				F1DB39E22F2B0A1600B5482F /* UnhabitDemo_widgetExtension.appex */,
			);
			name = Products;
			sourceTree = "<group>";
		};
		F1DB39E32F2B0A1600B5482F /* Frameworks */ = {
			isa = PBXGroup;
			children = (
				F1DB39E42F2B0A1600B5482F /* WidgetKit.framework */,
				F1DB39E62F2B0A1600B5482F /* SwiftUI.framework */,
			);
			name = Frameworks;
			sourceTree = "<group>";
		};
/* End PBXGroup section */

/* Begin PBXNativeTarget section */
		F1DB399A2F2B099300B5482F /* UnhabitDemo */ = {
			isa = PBXNativeTarget;
			buildConfigurationList = F1DB39BC2F2B099500B5482F /* Build configuration list for PBXNativeTarget "UnhabitDemo" */;
			buildPhases = (
				F1DB39972F2B099300B5482F /* Sources */,
				F1DB39982F2B099300B5482F /* Frameworks */,
				F1DB39992F2B099300B5482F /* Resources */,
				F1DB39F72F2B0A1800B5482F /* Embed Foundation Extensions */,
			);
			buildRules = (
			);
			dependencies = (
				F1DB39F12F2B0A1800B5482F /* PBXTargetDependency */,
			);
			fileSystemSynchronizedGroups = (
				F1DB399D2F2B099300B5482F /* UnhabitDemo */,
			);
			name = UnhabitDemo;
			packageProductDependencies = (
			);
			productName = UnhabitDemo;
			productReference = F1DB399B2F2B099300B5482F /* UnhabitDemo.app */;
			productType = "com.apple.product-type.application";
		};
		F1DB39A72F2B099500B5482F /* UnhabitDemoTests */ = {
			isa = PBXNativeTarget;
			buildConfigurationList = F1DB39BF2F2B099500B5482F /* Build configuration list for PBXNativeTarget "UnhabitDemoTests" */;
			buildPhases = (
				F1DB39A42F2B099500B5482F /* Sources */,
				F1DB39A52F2B099500B5482F /* Frameworks */,
				F1DB39A62F2B099500B5482F /* Resources */,
			);
			buildRules = (
			);
			dependencies = (
				F1DB39AA2F2B099500B5482F /* PBXTargetDependency */,
			);
			fileSystemSynchronizedGroups = (
				F1DB39AB2F2B099500B5482F /* UnhabitDemoTests */,
			);
			name = UnhabitDemoTests;
			packageProductDependencies = (
			);
			productName = UnhabitDemoTests;
			productReference = F1DB39A82F2B099500B5482F /* UnhabitDemoTests.xctest */;
			productType = "com.apple.product-type.bundle.unit-test";
		};
		F1DB39B12F2B099500B5482F /* UnhabitDemoUITests */ = {
			isa = PBXNativeTarget;
			buildConfigurationList = F1DB39C22F2B099500B5482F /* Build configuration list for PBXNativeTarget "UnhabitDemoUITests" */;
			buildPhases = (
				F1DB39AE2F2B099500B5482F /* Sources */,
				F1DB39AF2F2B099500B5482F /* Frameworks */,
				F1DB39B02F2B099500B5482F /* Resources */,
			);
			buildRules = (
			);
			dependencies = (
				F1DB39B42F2B099500B5482F /* PBXTargetDependency */,
			);
			fileSystemSynchronizedGroups = (
				F1DB39B52F2B099500B5482F /* UnhabitDemoUITests */,
			);
			name = UnhabitDemoUITests;
			packageProductDependencies = (
			);
			productName = UnhabitDemoUITests;
			productReference = F1DB39B22F2B099500B5482F /* UnhabitDemoUITests.xctest */;
			productType = "com.apple.product-type.bundle.ui-testing";
		};
		F1DB39E12F2B0A1600B5482F /* UnhabitDemo_widgetExtension */ = {
			isa = PBXNativeTarget;
			buildConfigurationList = F1DB39F42F2B0A1800B5482F /* Build configuration list for PBXNativeTarget "UnhabitDemo_widgetExtension" */;
			buildPhases = (
				F1DB39DE2F2B0A1600B5482F /* Sources */,
				F1DB39DF2F2B0A1600B5482F /* Frameworks */,
				F1DB39E02F2B0A1600B5482F /* Resources */,
			);
			buildRules = (
			);
			dependencies = (
			);
			fileSystemSynchronizedGroups = (
				F1DB39E82F2B0A1600B5482F /* UnhabitDemo_widget */,
			);
			name = UnhabitDemo_widgetExtension;
			packageProductDependencies = (
			);
			productName = UnhabitDemo_widgetExtension;
			productReference = F1DB39E22F2B0A1600B5482F /* UnhabitDemo_widgetExtension.appex */;
			productType = "com.apple.product-type.app-extension";
		};
/* End PBXNativeTarget section */

/* Begin PBXProject section */
		F1DB39932F2B099300B5482F /* Project object */ = {
			isa = PBXProject;
			attributes = {
				BuildIndependentTargetsInParallel = 1;
				LastSwiftUpdateCheck = 2600;
				LastUpgradeCheck = 2600;
				TargetAttributes = {
					F1DB399A2F2B099300B5482F = {
						CreatedOnToolsVersion = 26.0.1;
					};
					F1DB39A72F2B099500B5482F = {
						CreatedOnToolsVersion = 26.0.1;
						TestTargetID = F1DB399A2F2B099300B5482F;
					};
					F1DB39B12F2B099500B5482F = {
						CreatedOnToolsVersion = 26.0.1;
						TestTargetID = F1DB399A2F2B099300B5482F;
					};
					F1DB39E12F2B0A1600B5482F = {
						CreatedOnToolsVersion = 26.0.1;
					};
				};
			};
			buildConfigurationList = F1DB39962F2B099300B5482F /* Build configuration list for PBXProject "UnhabitDemo" */;
			developmentRegion = en;
			hasScannedForEncodings = 0;
			knownRegions = (
				en,
				Base,
			);
			mainGroup = F1DB39922F2B099300B5482F;
			minimizedProjectReferenceProxies = 1;
			preferredProjectObjectVersion = 77;
			productRefGroup = F1DB399C2F2B099300B5482F /* Products */;
			projectDirPath = "";
			projectRoot = "";
			targets = (
				F1DB399A2F2B099300B5482F /* UnhabitDemo */,
				F1DB39A72F2B099500B5482F /* UnhabitDemoTests */,
				F1DB39B12F2B099500B5482F /* UnhabitDemoUITests */,
				F1DB39E12F2B0A1600B5482F /* UnhabitDemo_widgetExtension */,
			);
		};
/* End PBXProject section */

/* Begin PBXResourcesBuildPhase section */
		F1DB39992F2B099300B5482F /* Resources */ = {
			isa = PBXResourcesBuildPhase;
			buildActionMask = 2147483647;
			files = (
				F1DB3AC42F2B650F00B5482F /* .gitignore in Resources */,
			);
			runOnlyForDeploymentPostprocessing = 0;
		};
		F1DB39A62F2B099500B5482F /* Resources */ = {
			isa = PBXResourcesBuildPhase;
			buildActionMask = 2147483647;
			files = (
			);
			runOnlyForDeploymentPostprocessing = 0;
		};
		F1DB39B02F2B099500B5482F /* Resources */ = {
			isa = PBXResourcesBuildPhase;
			buildActionMask = 2147483647;
			files = (
			);
			runOnlyForDeploymentPostprocessing = 0;
		};
		F1DB39E02F2B0A1600B5482F /* Resources */ = {
			isa = PBXResourcesBuildPhase;
			buildActionMask = 2147483647;
			files = (
				F1DB3AC52F2B650F00B5482F /* .gitignore in Resources */,
			);
			runOnlyForDeploymentPostprocessing = 0;
		};
/* End PBXResourcesBuildPhase section */

/* Begin PBXSourcesBuildPhase section */
		F1DB39972F2B099300B5482F /* Sources */ = {
			isa = PBXSourcesBuildPhase;
			buildActionMask = 2147483647;
			files = (
				F1DB3A142F2B0B1400B5482F /* Settings.swift in Sources */,
			);
			runOnlyForDeploymentPostprocessing = 0;
		};
		F1DB39A42F2B099500B5482F /* Sources */ = {
			isa = PBXSourcesBuildPhase;
			buildActionMask = 2147483647;
			files = (
			);
			runOnlyForDeploymentPostprocessing = 0;
		};
		F1DB39AE2F2B099500B5482F /* Sources */ = {
			isa = PBXSourcesBuildPhase;
			buildActionMask = 2147483647;
			files = (
			);
			runOnlyForDeploymentPostprocessing = 0;
		};
		F1DB39DE2F2B0A1600B5482F /* Sources */ = {
			isa = PBXSourcesBuildPhase;
			buildActionMask = 2147483647;
			files = (
				F1DB3A152F2B0B1A00B5482F /* Settings.swift in Sources */,
			);
			runOnlyForDeploymentPostprocessing = 0;
		};
/* End PBXSourcesBuildPhase section */

/* Begin PBXTargetDependency section */
		F1DB39AA2F2B099500B5482F /* PBXTargetDependency */ = {
			isa = PBXTargetDependency;
			target = F1DB399A2F2B099300B5482F /* UnhabitDemo */;
			targetProxy = F1DB39A92F2B099500B5482F /* PBXContainerItemProxy */;
		};
		F1DB39B42F2B099500B5482F /* PBXTargetDependency */ = {
			isa = PBXTargetDependency;
			target = F1DB399A2F2B099300B5482F /* UnhabitDemo */;
			targetProxy = F1DB39B32F2B099500B5482F /* PBXContainerItemProxy */;
		};
		F1DB39F12F2B0A1800B5482F /* PBXTargetDependency */ = {
			isa = PBXTargetDependency;
			target = F1DB39E12F2B0A1600B5482F /* UnhabitDemo_widgetExtension */;
			targetProxy = F1DB39F02F2B0A1800B5482F /* PBXContainerItemProxy */;
		};
/* End PBXTargetDependency section */

/* Begin XCBuildConfiguration section */
		F1DB39BA2F2B099500B5482F /* Debug */ = {
			isa = XCBuildConfiguration;
			buildSettings = {
				ALWAYS_SEARCH_USER_PATHS = NO;
				ASSETCATALOG_COMPILER_GENERATE_SWIFT_ASSET_SYMBOL_EXTENSIONS = YES;
				CLANG_ANALYZER_NONNULL = YES;
				CLANG_ANALYZER_NUMBER_OBJECT_CONVERSION = YES_AGGRESSIVE;
				CLANG_CXX_LANGUAGE_STANDARD = "gnu++20";
				CLANG_ENABLE_MODULES = YES;
				CLANG_ENABLE_OBJC_ARC = YES;
				CLANG_ENABLE_OBJC_WEAK = YES;
				CLANG_WARN_BLOCK_CAPTURE_AUTORELEASING = YES;
				CLANG_WARN_BOOL_CONVERSION = YES;
				CLANG_WARN_COMMA = YES;
				CLANG_WARN_CONSTANT_CONVERSION = YES;
				CLANG_WARN_DEPRECATED_OBJC_IMPLEMENTATIONS = YES;
				CLANG_WARN_DIRECT_OBJC_ISA_USAGE = YES_ERROR;
				CLANG_WARN_DOCUMENTATION_COMMENTS = YES;
				CLANG_WARN_EMPTY_BODY = YES;
				CLANG_WARN_ENUM_CONVERSION = YES;
				CLANG_WARN_INFINITE_RECURSION = YES;
				CLANG_WARN_INT_CONVERSION = YES;
				CLANG_WARN_NON_LITERAL_NULL_CONVERSION = YES;
				CLANG_WARN_OBJC_IMPLICIT_RETAIN_SELF = YES;
				CLANG_WARN_OBJC_LITERAL_CONVERSION = YES;
				CLANG_WARN_OBJC_ROOT_CLASS = YES_ERROR;
				CLANG_WARN_QUOTED_INCLUDE_IN_FRAMEWORK_HEADER = YES;
				CLANG_WARN_RANGE_LOOP_ANALYSIS = YES;
				CLANG_WARN_STRICT_PROTOTYPES = YES;
				CLANG_WARN_SUSPICIOUS_MOVE = YES;
				CLANG_WARN_UNGUARDED_AVAILABILITY = YES_AGGRESSIVE;
				CLANG_WARN_UNREACHABLE_CODE = YES;
				CLANG_WARN__DUPLICATE_METHOD_MATCH = YES;
				COPY_PHASE_STRIP = NO;
				DEBUG_INFORMATION_FORMAT = dwarf;
				DEVELOPMENT_TEAM = 93P6U466SG;
				ENABLE_STRICT_OBJC_MSGSEND = YES;
				ENABLE_TESTABILITY = YES;
				ENABLE_USER_SCRIPT_SANDBOXING = YES;
				GCC_C_LANGUAGE_STANDARD = gnu17;
				GCC_DYNAMIC_NO_PIC = NO;
				GCC_NO_COMMON_BLOCKS = YES;
				GCC_OPTIMIZATION_LEVEL = 0;
				GCC_PREPROCESSOR_DEFINITIONS = (
					"DEBUG=1",
					"$(inherited)",
				);
				GCC_WARN_64_TO_32_BIT_CONVERSION = YES;
				GCC_WARN_ABOUT_RETURN_TYPE = YES_ERROR;
				GCC_WARN_UNDECLARED_SELECTOR = YES;
				GCC_WARN_UNINITIALIZED_AUTOS = YES_AGGRESSIVE;
				GCC_WARN_UNUSED_FUNCTION = YES;
				GCC_WARN_UNUSED_VARIABLE = YES;
				IPHONEOS_DEPLOYMENT_TARGET = 26.0;
				LOCALIZATION_PREFERS_STRING_CATALOGS = YES;
				MTL_ENABLE_DEBUG_INFO = INCLUDE_SOURCE;
				MTL_FAST_MATH = YES;
				ONLY_ACTIVE_ARCH = YES;
				SDKROOT = iphoneos;
				SWIFT_ACTIVE_COMPILATION_CONDITIONS = "DEBUG $(inherited)";
				SWIFT_OPTIMIZATION_LEVEL = "-Onone";
			};
			name = Debug;
		};
		F1DB39BB2F2B099500B5482F /* Release */ = {
			isa = XCBuildConfiguration;
			buildSettings = {
				ALWAYS_SEARCH_USER_PATHS = NO;
				ASSETCATALOG_COMPILER_GENERATE_SWIFT_ASSET_SYMBOL_EXTENSIONS = YES;
				CLANG_ANALYZER_NONNULL = YES;
				CLANG_ANALYZER_NUMBER_OBJECT_CONVERSION = YES_AGGRESSIVE;
				CLANG_CXX_LANGUAGE_STANDARD = "gnu++20";
				CLANG_ENABLE_MODULES = YES;
				CLANG_ENABLE_OBJC_ARC = YES;
				CLANG_ENABLE_OBJC_WEAK = YES;
				CLANG_WARN_BLOCK_CAPTURE_AUTORELEASING = YES;
				CLANG_WARN_BOOL_CONVERSION = YES;
				CLANG_WARN_COMMA = YES;
				CLANG_WARN_CONSTANT_CONVERSION = YES;
				CLANG_WARN_DEPRECATED_OBJC_IMPLEMENTATIONS = YES;
				CLANG_WARN_DIRECT_OBJC_ISA_USAGE = YES_ERROR;
				CLANG_WARN_DOCUMENTATION_COMMENTS = YES;
				CLANG_WARN_EMPTY_BODY = YES;
				CLANG_WARN_ENUM_CONVERSION = YES;
				CLANG_WARN_INFINITE_RECURSION = YES;
				CLANG_WARN_INT_CONVERSION = YES;
				CLANG_WARN_NON_LITERAL_NULL_CONVERSION = YES;
				CLANG_WARN_OBJC_IMPLICIT_RETAIN_SELF = YES;
				CLANG_WARN_OBJC_LITERAL_CONVERSION = YES;
				CLANG_WARN_OBJC_ROOT_CLASS = YES_ERROR;
				CLANG_WARN_QUOTED_INCLUDE_IN_FRAMEWORK_HEADER = YES;
				CLANG_WARN_RANGE_LOOP_ANALYSIS = YES;
				CLANG_WARN_STRICT_PROTOTYPES = YES;
				CLANG_WARN_SUSPICIOUS_MOVE = YES;
				CLANG_WARN_UNGUARDED_AVAILABILITY = YES_AGGRESSIVE;
				CLANG_WARN_UNREACHABLE_CODE = YES;
				CLANG_WARN__DUPLICATE_METHOD_MATCH = YES;
				COPY_PHASE_STRIP = NO;
				DEBUG_INFORMATION_FORMAT = "dwarf-with-dsym";
				DEVELOPMENT_TEAM = 93P6U466SG;
				ENABLE_NS_ASSERTIONS = NO;
				ENABLE_STRICT_OBJC_MSGSEND = YES;
				ENABLE_USER_SCRIPT_SANDBOXING = YES;
				GCC_C_LANGUAGE_STANDARD = gnu17;
				GCC_NO_COMMON_BLOCKS = YES;
				GCC_WARN_64_TO_32_BIT_CONVERSION = YES;
				GCC_WARN_ABOUT_RETURN_TYPE = YES_ERROR;
				GCC_WARN_UNDECLARED_SELECTOR = YES;
				GCC_WARN_UNINITIALIZED_AUTOS = YES_AGGRESSIVE;
				GCC_WARN_UNUSED_FUNCTION = YES;
				GCC_WARN_UNUSED_VARIABLE = YES;
				IPHONEOS_DEPLOYMENT_TARGET = 26.0;
				LOCALIZATION_PREFERS_STRING_CATALOGS = YES;
				MTL_ENABLE_DEBUG_INFO = NO;
				MTL_FAST_MATH = YES;
				SDKROOT = iphoneos;
				SWIFT_COMPILATION_MODE = wholemodule;
				VALIDATE_PRODUCT = YES;
			};
			name = Release;
		};
		F1DB39BD2F2B099500B5482F /* Debug */ = {
			isa = XCBuildConfiguration;
			buildSettings = {
				ASSETCATALOG_COMPILER_APPICON_NAME = AppIcon;
				ASSETCATALOG_COMPILER_GLOBAL_ACCENT_COLOR_NAME = AccentColor;
				CODE_SIGN_ENTITLEMENTS = UnhabitDemo/UnhabitDemo.entitlements;
				CODE_SIGN_STYLE = Automatic;
				CURRENT_PROJECT_VERSION = 1;
				DEVELOPMENT_TEAM = 93P6U466SG;
				ENABLE_PREVIEWS = YES;
				GENERATE_INFOPLIST_FILE = YES;
				INFOPLIST_FILE = UnhabitDemo/Info.plist;
				INFOPLIST_KEY_CFBundleDisplayName = "";
				INFOPLIST_KEY_LSApplicationCategoryType = "";
				INFOPLIST_KEY_NSSupportsLiveActivities = YES;
				INFOPLIST_KEY_NSSupportsLiveActivitiesFrequentUpdates = YES;
				INFOPLIST_KEY_UIApplicationSceneManifest_Generation = YES;
				INFOPLIST_KEY_UIApplicationSupportsIndirectInputEvents = YES;
				INFOPLIST_KEY_UILaunchScreen_Generation = YES;
				INFOPLIST_KEY_UISupportedInterfaceOrientations_iPad = "UIInterfaceOrientationPortrait UIInterfaceOrientationPortraitUpsideDown UIInterfaceOrientationLandscapeLeft UIInterfaceOrientationLandscapeRight";
				INFOPLIST_KEY_UISupportedInterfaceOrientations_iPhone = "UIInterfaceOrientationPortrait UIInterfaceOrientationLandscapeLeft UIInterfaceOrientationLandscapeRight";
				LD_RUNPATH_SEARCH_PATHS = (
					"$(inherited)",
					"@executable_path/Frameworks",
				);
				MARKETING_VERSION = 1.0;
				PRODUCT_BUNDLE_IDENTIFIER = sukhoves.UnhabitDemo;
				PRODUCT_NAME = "$(TARGET_NAME)";
				STRING_CATALOG_GENERATE_SYMBOLS = YES;
				SWIFT_APPROACHABLE_CONCURRENCY = YES;
				SWIFT_DEFAULT_ACTOR_ISOLATION = MainActor;
				SWIFT_EMIT_LOC_STRINGS = YES;
				SWIFT_UPCOMING_FEATURE_MEMBER_IMPORT_VISIBILITY = YES;
				SWIFT_VERSION = 5.0;
				TARGETED_DEVICE_FAMILY = "1,2";
			};
			name = Debug;
		};
		F1DB39BE2F2B099500B5482F /* Release */ = {
			isa = XCBuildConfiguration;
			buildSettings = {
				ASSETCATALOG_COMPILER_APPICON_NAME = AppIcon;
				ASSETCATALOG_COMPILER_GLOBAL_ACCENT_COLOR_NAME = AccentColor;
				CODE_SIGN_ENTITLEMENTS = UnhabitDemo/UnhabitDemo.entitlements;
				CODE_SIGN_STYLE = Automatic;
				CURRENT_PROJECT_VERSION = 1;
				DEVELOPMENT_TEAM = 93P6U466SG;
				ENABLE_PREVIEWS = YES;
				GENERATE_INFOPLIST_FILE = YES;
				INFOPLIST_FILE = UnhabitDemo/Info.plist;
				INFOPLIST_KEY_CFBundleDisplayName = "";
				INFOPLIST_KEY_LSApplicationCategoryType = "";
				INFOPLIST_KEY_NSSupportsLiveActivities = YES;
				INFOPLIST_KEY_NSSupportsLiveActivitiesFrequentUpdates = YES;
				INFOPLIST_KEY_UIApplicationSceneManifest_Generation = YES;
				INFOPLIST_KEY_UIApplicationSupportsIndirectInputEvents = YES;
				INFOPLIST_KEY_UILaunchScreen_Generation = YES;
				INFOPLIST_KEY_UISupportedInterfaceOrientations_iPad = "UIInterfaceOrientationPortrait UIInterfaceOrientationPortraitUpsideDown UIInterfaceOrientationLandscapeLeft UIInterfaceOrientationLandscapeRight";
				INFOPLIST_KEY_UISupportedInterfaceOrientations_iPhone = "UIInterfaceOrientationPortrait UIInterfaceOrientationLandscapeLeft UIInterfaceOrientationLandscapeRight";
				LD_RUNPATH_SEARCH_PATHS = (
					"$(inherited)",
					"@executable_path/Frameworks",
				);
				MARKETING_VERSION = 1.0;
				PRODUCT_BUNDLE_IDENTIFIER = sukhoves.UnhabitDemo;
				PRODUCT_NAME = "$(TARGET_NAME)";
				STRING_CATALOG_GENERATE_SYMBOLS = YES;
				SWIFT_APPROACHABLE_CONCURRENCY = YES;
				SWIFT_DEFAULT_ACTOR_ISOLATION = MainActor;
				SWIFT_EMIT_LOC_STRINGS = YES;
				SWIFT_UPCOMING_FEATURE_MEMBER_IMPORT_VISIBILITY = YES;
				SWIFT_VERSION = 5.0;
				TARGETED_DEVICE_FAMILY = "1,2";
			};
			name = Release;
		};
		F1DB39C02F2B099500B5482F /* Debug */ = {
			isa = XCBuildConfiguration;
			buildSettings = {
				BUNDLE_LOADER = "$(TEST_HOST)";
				CODE_SIGN_STYLE = Automatic;
				CURRENT_PROJECT_VERSION = 1;
				DEVELOPMENT_TEAM = 93P6U466SG;
				GENERATE_INFOPLIST_FILE = YES;
				IPHONEOS_DEPLOYMENT_TARGET = 26.0;
				MARKETING_VERSION = 1.0;
				PRODUCT_BUNDLE_IDENTIFIER = sukhoves.UnhabitDemoTests;
				PRODUCT_NAME = "$(TARGET_NAME)";
				STRING_CATALOG_GENERATE_SYMBOLS = NO;
				SWIFT_APPROACHABLE_CONCURRENCY = YES;
				SWIFT_EMIT_LOC_STRINGS = NO;
				SWIFT_UPCOMING_FEATURE_MEMBER_IMPORT_VISIBILITY = YES;
				SWIFT_VERSION = 5.0;
				TARGETED_DEVICE_FAMILY = "1,2";
				TEST_HOST = "$(BUILT_PRODUCTS_DIR)/UnhabitDemo.app/$(BUNDLE_EXECUTABLE_FOLDER_PATH)/UnhabitDemo";
			};
			name = Debug;
		};
		F1DB39C12F2B099500B5482F /* Release */ = {
			isa = XCBuildConfiguration;
			buildSettings = {
				BUNDLE_LOADER = "$(TEST_HOST)";
				CODE_SIGN_STYLE = Automatic;
				CURRENT_PROJECT_VERSION = 1;
				DEVELOPMENT_TEAM = 93P6U466SG;
				GENERATE_INFOPLIST_FILE = YES;
				IPHONEOS_DEPLOYMENT_TARGET = 26.0;
				MARKETING_VERSION = 1.0;
				PRODUCT_BUNDLE_IDENTIFIER = sukhoves.UnhabitDemoTests;
				PRODUCT_NAME = "$(TARGET_NAME)";
				STRING_CATALOG_GENERATE_SYMBOLS = NO;
				SWIFT_APPROACHABLE_CONCURRENCY = YES;
				SWIFT_EMIT_LOC_STRINGS = NO;
				SWIFT_UPCOMING_FEATURE_MEMBER_IMPORT_VISIBILITY = YES;
				SWIFT_VERSION = 5.0;
				TARGETED_DEVICE_FAMILY = "1,2";
				TEST_HOST = "$(BUILT_PRODUCTS_DIR)/UnhabitDemo.app/$(BUNDLE_EXECUTABLE_FOLDER_PATH)/UnhabitDemo";
			};
			name = Release;
		};
		F1DB39C32F2B099500B5482F /* Debug */ = {
			isa = XCBuildConfiguration;
			buildSettings = {
				CODE_SIGN_STYLE = Automatic;
				CURRENT_PROJECT_VERSION = 1;
				DEVELOPMENT_TEAM = 93P6U466SG;
				GENERATE_INFOPLIST_FILE = YES;
				MARKETING_VERSION = 1.0;
				PRODUCT_BUNDLE_IDENTIFIER = sukhoves.UnhabitDemoUITests;
				PRODUCT_NAME = "$(TARGET_NAME)";
				STRING_CATALOG_GENERATE_SYMBOLS = NO;
				SWIFT_APPROACHABLE_CONCURRENCY = YES;
				SWIFT_EMIT_LOC_STRINGS = NO;
				SWIFT_UPCOMING_FEATURE_MEMBER_IMPORT_VISIBILITY = YES;
				SWIFT_VERSION = 5.0;
				TARGETED_DEVICE_FAMILY = "1,2";
				TEST_TARGET_NAME = UnhabitDemo;
			};
			name = Debug;
		};
		F1DB39C42F2B099500B5482F /* Release */ = {
			isa = XCBuildConfiguration;
			buildSettings = {
				CODE_SIGN_STYLE = Automatic;
				CURRENT_PROJECT_VERSION = 1;
				DEVELOPMENT_TEAM = 93P6U466SG;
				GENERATE_INFOPLIST_FILE = YES;
				MARKETING_VERSION = 1.0;
				PRODUCT_BUNDLE_IDENTIFIER = sukhoves.UnhabitDemoUITests;
				PRODUCT_NAME = "$(TARGET_NAME)";
				STRING_CATALOG_GENERATE_SYMBOLS = NO;
				SWIFT_APPROACHABLE_CONCURRENCY = YES;
				SWIFT_EMIT_LOC_STRINGS = NO;
				SWIFT_UPCOMING_FEATURE_MEMBER_IMPORT_VISIBILITY = YES;
				SWIFT_VERSION = 5.0;
				TARGETED_DEVICE_FAMILY = "1,2";
				TEST_TARGET_NAME = UnhabitDemo;
			};
			name = Release;
		};
		F1DB39F52F2B0A1800B5482F /* Debug */ = {
			isa = XCBuildConfiguration;
			buildSettings = {
				ASSETCATALOG_COMPILER_GLOBAL_ACCENT_COLOR_NAME = AccentColor;
				ASSETCATALOG_COMPILER_WIDGET_BACKGROUND_COLOR_NAME = WidgetBackground;
				CODE_SIGN_ENTITLEMENTS = UnhabitDemo_widgetExtension.entitlements;
				CODE_SIGN_STYLE = Automatic;
				CURRENT_PROJECT_VERSION = 1;
				DEVELOPMENT_TEAM = 93P6U466SG;
				GENERATE_INFOPLIST_FILE = YES;
				INFOPLIST_FILE = UnhabitDemo_widget/Info.plist;
				INFOPLIST_KEY_CFBundleDisplayName = UnhabitDemo_widget;
				INFOPLIST_KEY_NSHumanReadableCopyright = "";
				LD_RUNPATH_SEARCH_PATHS = (
					"$(inherited)",
					"@executable_path/Frameworks",
					"@executable_path/../../Frameworks",
				);
				MARKETING_VERSION = 1.0;
				PRODUCT_BUNDLE_IDENTIFIER = "sukhoves.UnhabitDemo.UnhabitDemo-widget";
				PRODUCT_NAME = "$(TARGET_NAME)";
				SKIP_INSTALL = YES;
				STRING_CATALOG_GENERATE_SYMBOLS = YES;
				SWIFT_APPROACHABLE_CONCURRENCY = YES;
				SWIFT_EMIT_LOC_STRINGS = YES;
				SWIFT_UPCOMING_FEATURE_MEMBER_IMPORT_VISIBILITY = YES;
				SWIFT_VERSION = 5.0;
				TARGETED_DEVICE_FAMILY = "1,2";
			};
			name = Debug;
		};
		F1DB39F62F2B0A1800B5482F /* Release */ = {
			isa = XCBuildConfiguration;
			buildSettings = {
				ASSETCATALOG_COMPILER_GLOBAL_ACCENT_COLOR_NAME = AccentColor;
				ASSETCATALOG_COMPILER_WIDGET_BACKGROUND_COLOR_NAME = WidgetBackground;
				CODE_SIGN_ENTITLEMENTS = UnhabitDemo_widgetExtension.entitlements;
				CODE_SIGN_STYLE = Automatic;
				CURRENT_PROJECT_VERSION = 1;
				DEVELOPMENT_TEAM = 93P6U466SG;
				GENERATE_INFOPLIST_FILE = YES;
				INFOPLIST_FILE = UnhabitDemo_widget/Info.plist;
				INFOPLIST_KEY_CFBundleDisplayName = UnhabitDemo_widget;
				INFOPLIST_KEY_NSHumanReadableCopyright = "";
				LD_RUNPATH_SEARCH_PATHS = (
					"$(inherited)",
					"@executable_path/Frameworks",
					"@executable_path/../../Frameworks",
				);
				MARKETING_VERSION = 1.0;
				PRODUCT_BUNDLE_IDENTIFIER = "sukhoves.UnhabitDemo.UnhabitDemo-widget";
				PRODUCT_NAME = "$(TARGET_NAME)";
				SKIP_INSTALL = YES;
				STRING_CATALOG_GENERATE_SYMBOLS = YES;
				SWIFT_APPROACHABLE_CONCURRENCY = YES;
				SWIFT_EMIT_LOC_STRINGS = YES;
				SWIFT_UPCOMING_FEATURE_MEMBER_IMPORT_VISIBILITY = YES;
				SWIFT_VERSION = 5.0;
				TARGETED_DEVICE_FAMILY = "1,2";
			};
			name = Release;
		};
/* End XCBuildConfiguration section */

/* Begin XCConfigurationList section */
		F1DB39962F2B099300B5482F /* Build configuration list for PBXProject "UnhabitDemo" */ = {
			isa = XCConfigurationList;
			buildConfigurations = (
				F1DB39BA2F2B099500B5482F /* Debug */,
				F1DB39BB2F2B099500B5482F /* Release */,
			);
			defaultConfigurationIsVisible = 0;
			defaultConfigurationName = Release;
		};
		F1DB39BC2F2B099500B5482F /* Build configuration list for PBXNativeTarget "UnhabitDemo" */ = {
			isa = XCConfigurationList;
			buildConfigurations = (
				F1DB39BD2F2B099500B5482F /* Debug */,
				F1DB39BE2F2B099500B5482F /* Release */,
			);
			defaultConfigurationIsVisible = 0;
			defaultConfigurationName = Release;
		};
		F1DB39BF2F2B099500B5482F /* Build configuration list for PBXNativeTarget "UnhabitDemoTests" */ = {
			isa = XCConfigurationList;
			buildConfigurations = (
				F1DB39C02F2B099500B5482F /* Debug */,
				F1DB39C12F2B099500B5482F /* Release */,
			);
			defaultConfigurationIsVisible = 0;
			defaultConfigurationName = Release;
		};
		F1DB39C22F2B099500B5482F /* Build configuration list for PBXNativeTarget "UnhabitDemoUITests" */ = {
			isa = XCConfigurationList;
			buildConfigurations = (
				F1DB39C32F2B099500B5482F /* Debug */,
				F1DB39C42F2B099500B5482F /* Release */,
			);
			defaultConfigurationIsVisible = 0;
			defaultConfigurationName = Release;
		};
		F1DB39F42F2B0A1800B5482F /* Build configuration list for PBXNativeTarget "UnhabitDemo_widgetExtension" */ = {
			isa = XCConfigurationList;
			buildConfigurations = (
				F1DB39F52F2B0A1800B5482F /* Debug */,
				F1DB39F62F2B0A1800B5482F /* Release */,
			);
			defaultConfigurationIsVisible = 0;
			defaultConfigurationName = Release;
		};
/* End XCConfigurationList section */
	};
	rootObject = F1DB39932F2B099300B5482F /* Project object */;
}
